{
  "nodes": {
    "flake-compat": {
      "flake": false,
      "locked": {
        "lastModified": 1687265871,
        "narHash": "sha256-P8AOiQk/XN8/ia4289hDHlTfWB70cRQ5pc9GRfmEdpc=",
        "owner": "inclyc",
        "repo": "flake-compat",
        "rev": "70e56389c58bbd300d11778913b255477ebbae22",
        "type": "github"
      },
      "original": {
        "owner": "inclyc",
        "repo": "flake-compat",
        "type": "github"
      }
    },
    "nixpkgs": {
      "locked": {
        "lastModified": 1686960236,
        "narHash": "sha256-AYCC9rXNLpUWzD9hm+askOfpliLEC9kwAo7ITJc4HIw=",
        "owner": "NixOS",
        "repo": "nixpkgs",
        "rev": "04af42f3b31dba0ef742d254456dc4c14eedac86",
        "type": "github"
      },
      "original": {
        "owner": "NixOS",
        "ref": "nixos-unstable",
        "repo": "nixpkgs",
        "type": "github"
      }
    },
    "root": {
      "inputs": {
        "flake-compat": "flake-compat",
        "nixpkgs": "nixpkgs"
      }
    }
  },
  "root": "root",
  "version": 7
}
